<?xml version="1.0" encoding="utf-8"?>
<Project ToolsVersion="4.0" xmlns="http://schemas.microsoft.com/developer/msbuild/2003">
  <ItemGroup>
    <Filter Include="Source Files">
      <UniqueIdentifier>{4FC737F1-C7A5-4376-A066-2A32D752A2FF}</UniqueIdentifier>
      <Extensions>cpp;c;cc;cxx;def;odl;idl;hpj;bat;asm;asmx</Extensions>
    </Filter>
    <Filter Include="Source Files\Math">
      <UniqueIdentifier>{acd930a8-f84a-41a4-9ca8-46f359ff9cba}</UniqueIdentifier>
    </Filter>
    <Filter Include="Source Files\Base">
      <UniqueIdentifier>{a7194345-2d00-4e47-9bcb-dbbc553e836c}</UniqueIdentifier>
    </Filter>
    <Filter Include="Source Files\Implementation">
      <UniqueIdentifier>{fc05f5ba-a0d9-4e3c-9c19-0fdba4454d44}</UniqueIdentifier>
    </Filter>
    <Filter Include="Source Files\Utility">
      <UniqueIdentifier>{5aa5b289-fba1-4e15-a48b-a6f9231f7ce5}</UniqueIdentifier>
    </Filter>
    <Filter Include="Header Files">
      <UniqueIdentifier>{93995380-89BD-4b04-88EB-625FBE52EBFB}</UniqueIdentifier>
      <Extensions>h;hpp;hxx;hm;inl;inc;xsd</Extensions>
    </Filter>
    <Filter Include="Header Files\Math">
      <UniqueIdentifier>{b034f6ef-67c5-4060-8f63-f7afce8900f8}</UniqueIdentifier>
    </Filter>
    <Filter Include="Header Files\Base">
      <UniqueIdentifier>{69d85fd5-f562-4104-be71-cea04caf8da5}</UniqueIdentifier>
    </Filter>
    <Filter Include="Header Files\Implementation">
      <UniqueIdentifier>{a8507758-4178-45a2-97cd-b8de8e4db84f}</UniqueIdentifier>
    </Filter>
    <Filter Include="Header Files\Utility">
      <UniqueIdentifier>{399c4119-82d9-4339-a673-f1b9bdff1631}</UniqueIdentifier>
    </Filter>
    <Filter Include="Resource Files">
      <UniqueIdentifier>{67DA6AB6-F800-4c08-8B7A-83BB121AAD01}</UniqueIdentifier>
      <Extensions>rc;ico;cur;bmp;dlg;rc2;rct;bin;rgs;gif;jpg;jpeg;jpe;resx;tiff;tif;png;wav</Extensions>
    </Filter>
  </ItemGroup>
  <ItemGroup>
    <ClCompile Include="kMat.cpp">
      <Filter>Source Files\Math</Filter>
    </ClCompile>
    <ClCompile Include="kQuat.cpp">
      <Filter>Source Files\Math</Filter>
    </ClCompile>
    <ClCompile Include="kTrans.cpp">
      <Filter>Source Files\Math</Filter>
    </ClCompile>
    <ClCompile Include="kVec.cpp">
      <Filter>Source Files\Math</Filter>
    </ClCompile>
    <ClCompile Include="numericMath.cpp">
      <Filter>Source Files\Math</Filter>
    </ClCompile>
    <ClCompile Include="aApp.cpp">
      <Filter>Source Files\Base</Filter>
    </ClCompile>
    <ClCompile Include="aCamera.cpp">
      <Filter>Source Files\Base</Filter>
    </ClCompile>
    <ClCompile Include="aColor.cpp">
      <Filter>Source Files\Base</Filter>
    </ClCompile>
    <ClCompile Include="aConsole.cpp">
      <Filter>Source Files\Base</Filter>
    </ClCompile>
    <ClCompile Include="aCursor.cpp">
      <Filter>Source Files\Base</Filter>
    </ClCompile>
    <ClCompile Include="aEvent.cpp">
      <Filter>Source Files\Base</Filter>
    </ClCompile>
    <ClCompile Include="aGraphics.cpp">
      <Filter>Source Files\Base</Filter>
    </ClCompile>
    <ClCompile Include="aKeyboard.cpp">
      <Filter>Source Files\Base</Filter>
    </ClCompile>
    <ClCompile Include="aLight.cpp">
      <Filter>Source Files\Base</Filter>
    </ClCompile>
    <ClCompile Include="aMesh.cpp">
      <Filter>Source Files\Base</Filter>
    </ClCompile>
    <ClCompile Include="aModel.cpp">
      <Filter>Source Files\Base</Filter>
    </ClCompile>
    <ClCompile Include="aMouse.cpp">
      <Filter>Source Files\Base</Filter>
    </ClCompile>
    <ClCompile Include="aObject.cpp">
      <Filter>Source Files\Base</Filter>
    </ClCompile>
    <ClCompile Include="aPanel.cpp">
      <Filter>Source Files\Base</Filter>
    </ClCompile>
    <ClCompile Include="aSkybox.cpp">
      <Filter>Source Files\Base</Filter>
    </ClCompile>
    <ClCompile Include="aSoundboard.cpp">
      <Filter>Source Files\Base</Filter>
    </ClCompile>
    <ClCompile Include="aStopwatch.cpp">
      <Filter>Source Files\Base</Filter>
    </ClCompile>
    <ClCompile Include="aTexture.cpp">
      <Filter>Source Files\Base</Filter>
    </ClCompile>
    <ClCompile Include="aTypewriter.cpp">
      <Filter>Source Files\Base</Filter>
    </ClCompile>
    <ClCompile Include="aButton.cpp">
      <Filter>Source Files\Implementation</Filter>
    </ClCompile>
    <ClCompile Include="aCube.cpp">
      <Filter>Source Files\Implementation</Filter>
    </ClCompile>
    <ClCompile Include="aGraph.cpp">
      <Filter>Source Files\Implementation</Filter>
    </ClCompile>
    <ClCompile Include="aPlanet.cpp">
      <Filter>Source Files\Implementation</Filter>
    </ClCompile>
    <ClCompile Include="Conversion.cpp">
      <Filter>Source Files\Utility</Filter>
    </ClCompile>
    <ClCompile Include="kString.cpp">
      <Filter>Source Files\Utility</Filter>
    </ClCompile>
  </ItemGroup>
  <ItemGroup>
    <ClInclude Include="libArtemis.h">
      <Filter>Header Files</Filter>
    </ClInclude>
    <ClInclude Include="kMat.h">
      <Filter>Header Files\Math</Filter>
    </ClInclude>
    <ClInclude Include="kQuat.h">
      <Filter>Header Files\Math</Filter>
    </ClInclude>
    <ClInclude Include="kTrans.h">
      <Filter>Header Files\Math</Filter>
    </ClInclude>
    <ClInclude Include="kVec.h">
      <Filter>Header Files\Math</Filter>
    </ClInclude>
    <ClInclude Include="numericMath.h">
      <Filter>Header Files\Math</Filter>
    </ClInclude>
    <ClInclude Include="aApp.h">
      <Filter>Header Files\Base</Filter>
    </ClInclude>
    <ClInclude Include="aCamera.h">
      <Filter>Header Files\Base</Filter>
    </ClInclude>
    <ClInclude Include="aColor.h">
      <Filter>Header Files\Base</Filter>
    </ClInclude>
    <ClInclude Include="aConsole.h">
      <Filter>Header Files\Base</Filter>
    </ClInclude>
    <ClInclude Include="aCursor.h">
      <Filter>Header Files\Base</Filter>
    </ClInclude>
    <ClInclude Include="aEvent.h">
      <Filter>Header Files\Base</Filter>
    </ClInclude>
    <ClInclude Include="aGraphics.h">
      <Filter>Header Files\Base</Filter>
    </ClInclude>
    <ClInclude Include="aKeyboard.h">
      <Filter>Header Files\Base</Filter>
    </ClInclude>
    <ClInclude Include="aLight.h">
      <Filter>Header Files\Base</Filter>
    </ClInclude>
    <ClInclude Include="aMesh.h">
      <Filter>Header Files\Base</Filter>
    </ClInclude>
    <ClInclude Include="aModel.h">
      <Filter>Header Files\Base</Filter>
    </ClInclude>
    <ClInclude Include="aMouse.h">
      <Filter>Header Files\Base</Filter>
    </ClInclude>
    <ClInclude Include="aObject.h">
      <Filter>Header Files\Base</Filter>
    </ClInclude>
    <ClInclude Include="aPanel.h">
      <Filter>Header Files\Base</Filter>
    </ClInclude>
    <ClInclude Include="aSkybox.h">
      <Filter>Header Files\Base</Filter>
    </ClInclude>
    <ClInclude Include="aSoundboard.h">
      <Filter>Header Files\Base</Filter>
    </ClInclude>
    <ClInclude Include="aStopwatch.h">
      <Filter>Header Files\Base</Filter>
    </ClInclude>
    <ClInclude Include="aTexture.h">
      <Filter>Header Files\Base</Filter>
    </ClInclude>
    <ClInclude Include="aTypewriter.h">
      <Filter>Header Files\Base</Filter>
    </ClInclude>
    <ClInclude Include="aButton.h">
      <Filter>Header Files\Implementation</Filter>
    </ClInclude>
    <ClInclude Include="aCube.h">
      <Filter>Header Files\Implementation</Filter>
    </ClInclude>
    <ClInclude Include="aGraph.h">
      <Filter>Header Files\Implementation</Filter>
    </ClInclude>
    <ClInclude Include="aPlanet.h">
      <Filter>Header Files\Implementation</Filter>
    </ClInclude>
    <ClInclude Include="Conversion.h">
      <Filter>Header Files\Utility</Filter>
    </ClInclude>
    <ClInclude Include="DataStructures.h">
      <Filter>Header Files\Utility</Filter>
    </ClInclude>
    <ClInclude Include="kString.h">
      <Filter>Header Files\Utility</Filter>
    </ClInclude>
    <ClInclude Include="measure.h">
      <Filter>Header Files\Utility</Filter>
    </ClInclude>
  </ItemGroup>
</Project>