// !$*UTF8*$!
{
	archiveVersion = 1;
	classes = {
	};
	objectVersion = 45;
	objects = {

/* Begin PBXBuildFile section */
		D36CD3BC108194C4007000A4 /* kMat.cpp in Sources */ = {isa = PBXBuildFile; fileRef = D36CD241108177D3007000A4 /* kMat.cpp */; };
		D36CD3BD108194C5007000A4 /* kQuat.cpp in Sources */ = {isa = PBXBuildFile; fileRef = D36CD243108177D3007000A4 /* kQuat.cpp */; };
		D36CD3BE108194C6007000A4 /* kTrans.cpp in Sources */ = {isa = PBXBuildFile; fileRef = D36CD245108177D3007000A4 /* kTrans.cpp */; };
		D36CD3BF108194C7007000A4 /* kVec.cpp in Sources */ = {isa = PBXBuildFile; fileRef = D36CD247108177D3007000A4 /* kVec.cpp */; };
		D36CD3C0108194CE007000A4 /* Math.pch in Headers */ = {isa = PBXBuildFile; fileRef = D36CD22D108176E7007000A4 /* Math.pch */; };
		D36CD3C1108194D0007000A4 /* numericMath.cpp in Sources */ = {isa = PBXBuildFile; fileRef = D36CD24B108177D3007000A4 /* numericMath.cpp */; };
		D36CD3C8108195EB007000A4 /* SDL.framework in Frameworks */ = {isa = PBXBuildFile; fileRef = D36CD29210817B9D007000A4 /* SDL.framework */; };
		D36CD3C9108195EB007000A4 /* SDL_ttf.framework in Frameworks */ = {isa = PBXBuildFile; fileRef = D36CD29310817B9D007000A4 /* SDL_ttf.framework */; };
		D36CD3CA108195EB007000A4 /* OpenGL.framework in Frameworks */ = {isa = PBXBuildFile; fileRef = D36CD28C10817B76007000A4 /* OpenGL.framework */; };
		D36CD3CB108195EB007000A4 /* SDL_image.framework in Frameworks */ = {isa = PBXBuildFile; fileRef = D36CD28D10817B76007000A4 /* SDL_image.framework */; };
		D36CD3CC10819628007000A4 /* Utility.h in Headers */ = {isa = PBXBuildFile; fileRef = D36CD29A10817CFE007000A4 /* Utility.h */; };
		D36CD3CD1081962E007000A4 /* Conversion.cpp in Sources */ = {isa = PBXBuildFile; fileRef = D36CD29810817CA6007000A4 /* Conversion.cpp */; };
		D36CD3CF10819641007000A4 /* DataStructures.h in Headers */ = {isa = PBXBuildFile; fileRef = D36CD29C10817D12007000A4 /* DataStructures.h */; };
		D36CD3D010819642007000A4 /* nTree.cpp in Sources */ = {isa = PBXBuildFile; fileRef = D36CD249108177D3007000A4 /* nTree.cpp */; };
		D36CD3D110819643007000A4 /* smartList.cpp in Sources */ = {isa = PBXBuildFile; fileRef = D36CD24D108177D3007000A4 /* smartList.cpp */; };
		D36CD3E81081A053007000A4 /* aApp.cpp in Sources */ = {isa = PBXBuildFile; fileRef = D36CD1F010817598007000A4 /* aApp.cpp */; };
		D36CD3E91081A058007000A4 /* aCamera.cpp in Sources */ = {isa = PBXBuildFile; fileRef = D36CD1F210817598007000A4 /* aCamera.cpp */; };
		D36CD3EA1081A060007000A4 /* aEvent.cpp in Sources */ = {isa = PBXBuildFile; fileRef = D36CD1FA10817598007000A4 /* aEvent.cpp */; };
		D36CD3EB1081A062007000A4 /* aGraphics.cpp in Sources */ = {isa = PBXBuildFile; fileRef = D36CD1FC10817598007000A4 /* aGraphics.cpp */; };
		D36CD3EC1081A064007000A4 /* aKeyboard.cpp in Sources */ = {isa = PBXBuildFile; fileRef = D36CD1FE10817598007000A4 /* aKeyboard.cpp */; };
		D36CD3ED1081A066007000A4 /* aLight.cpp in Sources */ = {isa = PBXBuildFile; fileRef = D36CD20010817598007000A4 /* aLight.cpp */; };
		D36CD3EE1081A066007000A4 /* aMesh.cpp in Sources */ = {isa = PBXBuildFile; fileRef = D36CD20210817598007000A4 /* aMesh.cpp */; };
		D36CD3EF1081A06A007000A4 /* aModel.cpp in Sources */ = {isa = PBXBuildFile; fileRef = D36CD20410817598007000A4 /* aModel.cpp */; };
		D36CD3F01081A06D007000A4 /* aObject.cpp in Sources */ = {isa = PBXBuildFile; fileRef = D36CD20610817598007000A4 /* aObject.cpp */; };
		D36CD3F11081A06E007000A4 /* aOutput.cpp in Sources */ = {isa = PBXBuildFile; fileRef = D36CD20810817598007000A4 /* aOutput.cpp */; };
		D36CD3F21081A070007000A4 /* aPanel.cpp in Sources */ = {isa = PBXBuildFile; fileRef = D36CD20A10817598007000A4 /* aPanel.cpp */; };
		D36CD4221081A6FC007000A4 /* aTypewriter.cpp in Sources */ = {isa = PBXBuildFile; fileRef = D36CD230108176E7007000A4 /* aTypewriter.cpp */; };
		D36CD4231081A6FD007000A4 /* aStopwatch.cpp in Sources */ = {isa = PBXBuildFile; fileRef = D36CD22E108176E7007000A4 /* aStopwatch.cpp */; };
		D3B6628E1083D16D00A1D5FF /* libArtemis.a in Frameworks */ = {isa = PBXBuildFile; fileRef = D36CD3B9108194B1007000A4 /* libArtemis.a */; };
		D3B662961083D18400A1D5FF /* main.cpp in Sources */ = {isa = PBXBuildFile; fileRef = D3B662931083D18400A1D5FF /* main.cpp */; };
		D3B662971083D18400A1D5FF /* SDLMain.m in Sources */ = {isa = PBXBuildFile; fileRef = D3B662951083D18400A1D5FF /* SDLMain.m */; };
		D3B662D81083D27B00A1D5FF /* InfoPlist.strings in Resources */ = {isa = PBXBuildFile; fileRef = D3B662D61083D27B00A1D5FF /* InfoPlist.strings */; };
		D3B662D91083D27B00A1D5FF /* ArtemisIcon.icns in Resources */ = {isa = PBXBuildFile; fileRef = D3B662D71083D27B00A1D5FF /* ArtemisIcon.icns */; };
		D3B662EF1083D28A00A1D5FF /* SDL.framework in Frameworks */ = {isa = PBXBuildFile; fileRef = D36CD29210817B9D007000A4 /* SDL.framework */; };
		D3B662F01083D28A00A1D5FF /* SDL_ttf.framework in Frameworks */ = {isa = PBXBuildFile; fileRef = D36CD29310817B9D007000A4 /* SDL_ttf.framework */; };
		D3B662F11083D28A00A1D5FF /* OpenGL.framework in Frameworks */ = {isa = PBXBuildFile; fileRef = D36CD28C10817B76007000A4 /* OpenGL.framework */; };
		D3B662F21083D28A00A1D5FF /* SDL_image.framework in Frameworks */ = {isa = PBXBuildFile; fileRef = D36CD28D10817B76007000A4 /* SDL_image.framework */; };
		D3B662F41083D29D00A1D5FF /* Cocoa.framework in Frameworks */ = {isa = PBXBuildFile; fileRef = D3B662F31083D29D00A1D5FF /* Cocoa.framework */; };
		D3B662F91083D2B800A1D5FF /* aConsole.cpp in Sources */ = {isa = PBXBuildFile; fileRef = D36CD1F410817598007000A4 /* aConsole.cpp */; };
		D3B662FA1083D2B800A1D5FF /* aControl.cpp in Sources */ = {isa = PBXBuildFile; fileRef = D36CD1F610817598007000A4 /* aControl.cpp */; };
		D3B662FB1083D2CB00A1D5FF /* aCube.cpp in Sources */ = {isa = PBXBuildFile; fileRef = D36CD1F810817598007000A4 /* aCube.cpp */; };
		D3B662FD1083D2D200A1D5FF /* aWindow.cpp in Sources */ = {isa = PBXBuildFile; fileRef = D36CD232108176E7007000A4 /* aWindow.cpp */; };
/* End PBXBuildFile section */

/* Begin PBXFileReference section */
		089C1667FE841158C02AAC07 /* English */ = {isa = PBXFileReference; fileEncoding = 10; lastKnownFileType = text.plist.strings; name = English; path = English.lproj/InfoPlist.strings; sourceTree = "<group>"; };
		32BAE0B70371A74B00C91783 /* Artemis_Prefix.pch */ = {isa = PBXFileReference; fileEncoding = 4; lastKnownFileType = sourcecode.c.h; path = Artemis_Prefix.pch; sourceTree = "<group>"; };
		8D07F2C70486CC7A007CD1D0 /* Info.plist */ = {isa = PBXFileReference; fileEncoding = 4; lastKnownFileType = text.plist; path = Info.plist; sourceTree = "<group>"; };
		D36CD1F010817598007000A4 /* aApp.cpp */ = {isa = PBXFileReference; fileEncoding = 4; lastKnownFileType = sourcecode.cpp.cpp; path = aApp.cpp; sourceTree = "<group>"; };
		D36CD1F110817598007000A4 /* aApp.h */ = {isa = PBXFileReference; fileEncoding = 4; lastKnownFileType = sourcecode.c.h; path = aApp.h; sourceTree = "<group>"; };
		D36CD1F210817598007000A4 /* aCamera.cpp */ = {isa = PBXFileReference; fileEncoding = 4; lastKnownFileType = sourcecode.cpp.cpp; path = aCamera.cpp; sourceTree = "<group>"; };
		D36CD1F310817598007000A4 /* aCamera.h */ = {isa = PBXFileReference; fileEncoding = 4; lastKnownFileType = sourcecode.c.h; path = aCamera.h; sourceTree = "<group>"; };
		D36CD1F410817598007000A4 /* aConsole.cpp */ = {isa = PBXFileReference; fileEncoding = 4; lastKnownFileType = sourcecode.cpp.cpp; path = aConsole.cpp; sourceTree = "<group>"; };
		D36CD1F510817598007000A4 /* aConsole.h */ = {isa = PBXFileReference; fileEncoding = 4; lastKnownFileType = sourcecode.c.h; path = aConsole.h; sourceTree = "<group>"; };
		D36CD1F610817598007000A4 /* aControl.cpp */ = {isa = PBXFileReference; fileEncoding = 4; lastKnownFileType = sourcecode.cpp.cpp; path = aControl.cpp; sourceTree = "<group>"; };
		D36CD1F710817598007000A4 /* aControl.h */ = {isa = PBXFileReference; fileEncoding = 4; lastKnownFileType = sourcecode.c.h; path = aControl.h; sourceTree = "<group>"; };
		D36CD1F810817598007000A4 /* aCube.cpp */ = {isa = PBXFileReference; fileEncoding = 4; lastKnownFileType = sourcecode.cpp.cpp; path = aCube.cpp; sourceTree = "<group>"; };
		D36CD1F910817598007000A4 /* aCube.h */ = {isa = PBXFileReference; fileEncoding = 4; lastKnownFileType = sourcecode.c.h; path = aCube.h; sourceTree = "<group>"; };
		D36CD1FA10817598007000A4 /* aEvent.cpp */ = {isa = PBXFileReference; fileEncoding = 4; lastKnownFileType = sourcecode.cpp.cpp; path = aEvent.cpp; sourceTree = "<group>"; };
		D36CD1FB10817598007000A4 /* aEvent.h */ = {isa = PBXFileReference; fileEncoding = 4; lastKnownFileType = sourcecode.c.h; path = aEvent.h; sourceTree = "<group>"; };
		D36CD1FC10817598007000A4 /* aGraphics.cpp */ = {isa = PBXFileReference; fileEncoding = 4; lastKnownFileType = sourcecode.cpp.cpp; path = aGraphics.cpp; sourceTree = "<group>"; };
		D36CD1FD10817598007000A4 /* aGraphics.h */ = {isa = PBXFileReference; fileEncoding = 4; lastKnownFileType = sourcecode.c.h; path = aGraphics.h; sourceTree = "<group>"; };
		D36CD1FE10817598007000A4 /* aKeyboard.cpp */ = {isa = PBXFileReference; fileEncoding = 4; lastKnownFileType = sourcecode.cpp.cpp; path = aKeyboard.cpp; sourceTree = "<group>"; };
		D36CD1FF10817598007000A4 /* aKeyboard.h */ = {isa = PBXFileReference; fileEncoding = 4; lastKnownFileType = sourcecode.c.h; path = aKeyboard.h; sourceTree = "<group>"; };
		D36CD20010817598007000A4 /* aLight.cpp */ = {isa = PBXFileReference; fileEncoding = 4; lastKnownFileType = sourcecode.cpp.cpp; path = aLight.cpp; sourceTree = "<group>"; };
		D36CD20110817598007000A4 /* aLight.h */ = {isa = PBXFileReference; fileEncoding = 4; lastKnownFileType = sourcecode.c.h; path = aLight.h; sourceTree = "<group>"; };
		D36CD20210817598007000A4 /* aMesh.cpp */ = {isa = PBXFileReference; fileEncoding = 4; lastKnownFileType = sourcecode.cpp.cpp; path = aMesh.cpp; sourceTree = "<group>"; };
		D36CD20310817598007000A4 /* aMesh.h */ = {isa = PBXFileReference; fileEncoding = 4; lastKnownFileType = sourcecode.c.h; path = aMesh.h; sourceTree = "<group>"; };
		D36CD20410817598007000A4 /* aModel.cpp */ = {isa = PBXFileReference; fileEncoding = 4; lastKnownFileType = sourcecode.cpp.cpp; path = aModel.cpp; sourceTree = "<group>"; };
		D36CD20510817598007000A4 /* aModel.h */ = {isa = PBXFileReference; fileEncoding = 4; lastKnownFileType = sourcecode.c.h; path = aModel.h; sourceTree = "<group>"; };
		D36CD20610817598007000A4 /* aObject.cpp */ = {isa = PBXFileReference; fileEncoding = 4; lastKnownFileType = sourcecode.cpp.cpp; path = aObject.cpp; sourceTree = "<group>"; };
		D36CD20710817598007000A4 /* aObject.h */ = {isa = PBXFileReference; fileEncoding = 4; lastKnownFileType = sourcecode.c.h; path = aObject.h; sourceTree = "<group>"; };
		D36CD20810817598007000A4 /* aOutput.cpp */ = {isa = PBXFileReference; fileEncoding = 4; lastKnownFileType = sourcecode.cpp.cpp; path = aOutput.cpp; sourceTree = "<group>"; };
		D36CD20910817598007000A4 /* aOutput.h */ = {isa = PBXFileReference; fileEncoding = 4; lastKnownFileType = sourcecode.c.h; path = aOutput.h; sourceTree = "<group>"; };
		D36CD20A10817598007000A4 /* aPanel.cpp */ = {isa = PBXFileReference; fileEncoding = 4; lastKnownFileType = sourcecode.cpp.cpp; path = aPanel.cpp; sourceTree = "<group>"; };
		D36CD20B10817598007000A4 /* aPanel.h */ = {isa = PBXFileReference; fileEncoding = 4; lastKnownFileType = sourcecode.c.h; path = aPanel.h; sourceTree = "<group>"; };
		D36CD22D108176E7007000A4 /* Math.pch */ = {isa = PBXFileReference; fileEncoding = 4; lastKnownFileType = sourcecode.c.h; path = Math.pch; sourceTree = "<group>"; };
		D36CD22E108176E7007000A4 /* aStopwatch.cpp */ = {isa = PBXFileReference; fileEncoding = 4; lastKnownFileType = sourcecode.cpp.cpp; path = aStopwatch.cpp; sourceTree = "<group>"; };
		D36CD22F108176E7007000A4 /* aStopwatch.h */ = {isa = PBXFileReference; fileEncoding = 4; lastKnownFileType = sourcecode.c.h; path = aStopwatch.h; sourceTree = "<group>"; };
		D36CD230108176E7007000A4 /* aTypewriter.cpp */ = {isa = PBXFileReference; fileEncoding = 4; lastKnownFileType = sourcecode.cpp.cpp; path = aTypewriter.cpp; sourceTree = "<group>"; };
		D36CD231108176E7007000A4 /* aTypewriter.h */ = {isa = PBXFileReference; fileEncoding = 4; lastKnownFileType = sourcecode.c.h; path = aTypewriter.h; sourceTree = "<group>"; };
		D36CD232108176E7007000A4 /* aWindow.cpp */ = {isa = PBXFileReference; fileEncoding = 4; lastKnownFileType = sourcecode.cpp.cpp; path = aWindow.cpp; sourceTree = "<group>"; };
		D36CD233108176E7007000A4 /* aWindow.h */ = {isa = PBXFileReference; fileEncoding = 4; lastKnownFileType = sourcecode.c.h; path = aWindow.h; sourceTree = "<group>"; };
		D36CD240108177D3007000A4 /* Conversion.h */ = {isa = PBXFileReference; fileEncoding = 4; lastKnownFileType = sourcecode.c.h; path = Conversion.h; sourceTree = "<group>"; };
		D36CD241108177D3007000A4 /* kMat.cpp */ = {isa = PBXFileReference; fileEncoding = 4; lastKnownFileType = sourcecode.cpp.cpp; path = kMat.cpp; sourceTree = "<group>"; };
		D36CD242108177D3007000A4 /* kMat.h */ = {isa = PBXFileReference; fileEncoding = 4; lastKnownFileType = sourcecode.c.h; path = kMat.h; sourceTree = "<group>"; };
		D36CD243108177D3007000A4 /* kQuat.cpp */ = {isa = PBXFileReference; fileEncoding = 4; lastKnownFileType = sourcecode.cpp.cpp; path = kQuat.cpp; sourceTree = "<group>"; };
		D36CD244108177D3007000A4 /* kQuat.h */ = {isa = PBXFileReference; fileEncoding = 4; lastKnownFileType = sourcecode.c.h; path = kQuat.h; sourceTree = "<group>"; };
		D36CD245108177D3007000A4 /* kTrans.cpp */ = {isa = PBXFileReference; fileEncoding = 4; lastKnownFileType = sourcecode.cpp.cpp; path = kTrans.cpp; sourceTree = "<group>"; };
		D36CD246108177D3007000A4 /* kTrans.h */ = {isa = PBXFileReference; fileEncoding = 4; lastKnownFileType = sourcecode.c.h; path = kTrans.h; sourceTree = "<group>"; };
		D36CD247108177D3007000A4 /* kVec.cpp */ = {isa = PBXFileReference; fileEncoding = 4; lastKnownFileType = sourcecode.cpp.cpp; path = kVec.cpp; sourceTree = "<group>"; };
		D36CD248108177D3007000A4 /* kVec.h */ = {isa = PBXFileReference; fileEncoding = 4; lastKnownFileType = sourcecode.c.h; path = kVec.h; sourceTree = "<group>"; };
		D36CD249108177D3007000A4 /* nTree.cpp */ = {isa = PBXFileReference; fileEncoding = 4; lastKnownFileType = sourcecode.cpp.cpp; path = nTree.cpp; sourceTree = "<group>"; };
		D36CD24A108177D3007000A4 /* nTree.h */ = {isa = PBXFileReference; fileEncoding = 4; lastKnownFileType = sourcecode.c.h; path = nTree.h; sourceTree = "<group>"; };
		D36CD24B108177D3007000A4 /* numericMath.cpp */ = {isa = PBXFileReference; fileEncoding = 4; lastKnownFileType = sourcecode.cpp.cpp; path = numericMath.cpp; sourceTree = "<group>"; };
		D36CD24C108177D3007000A4 /* numericMath.h */ = {isa = PBXFileReference; fileEncoding = 4; lastKnownFileType = sourcecode.c.h; path = numericMath.h; sourceTree = "<group>"; };
		D36CD24D108177D3007000A4 /* smartList.cpp */ = {isa = PBXFileReference; fileEncoding = 4; lastKnownFileType = sourcecode.cpp.cpp; path = smartList.cpp; sourceTree = "<group>"; };
		D36CD24E108177D3007000A4 /* smartList.h */ = {isa = PBXFileReference; fileEncoding = 4; lastKnownFileType = sourcecode.c.h; path = smartList.h; sourceTree = "<group>"; };
		D36CD28C10817B76007000A4 /* OpenGL.framework */ = {isa = PBXFileReference; lastKnownFileType = wrapper.framework; name = OpenGL.framework; path = /System/Library/Frameworks/OpenGL.framework; sourceTree = "<absolute>"; };
		D36CD28D10817B76007000A4 /* SDL_image.framework */ = {isa = PBXFileReference; lastKnownFileType = wrapper.framework; name = SDL_image.framework; path = /System/Library/Frameworks/SDL_image.framework; sourceTree = "<absolute>"; };
		D36CD29210817B9D007000A4 /* SDL.framework */ = {isa = PBXFileReference; lastKnownFileType = wrapper.framework; name = SDL.framework; path = /Library/Frameworks/SDL.framework; sourceTree = "<absolute>"; };
		D36CD29310817B9D007000A4 /* SDL_ttf.framework */ = {isa = PBXFileReference; lastKnownFileType = wrapper.framework; name = SDL_ttf.framework; path = /Library/Frameworks/SDL_ttf.framework; sourceTree = "<absolute>"; };
		D36CD29810817CA6007000A4 /* Conversion.cpp */ = {isa = PBXFileReference; fileEncoding = 4; lastKnownFileType = sourcecode.cpp.cpp; path = Conversion.cpp; sourceTree = "<group>"; };
		D36CD29A10817CFE007000A4 /* Utility.h */ = {isa = PBXFileReference; fileEncoding = 4; lastKnownFileType = sourcecode.c.h; path = Utility.h; sourceTree = "<group>"; };
		D36CD29C10817D12007000A4 /* DataStructures.h */ = {isa = PBXFileReference; fileEncoding = 4; lastKnownFileType = sourcecode.c.h; path = DataStructures.h; sourceTree = "<group>"; };
		D36CD3B9108194B1007000A4 /* libArtemis.a */ = {isa = PBXFileReference; explicitFileType = archive.ar; includeInIndex = 0; path = libArtemis.a; sourceTree = BUILT_PRODUCTS_DIR; };
		D36CD3E610819D80007000A4 /* libArtemis.h */ = {isa = PBXFileReference; fileEncoding = 4; lastKnownFileType = sourcecode.c.h; path = libArtemis.h; sourceTree = "<group>"; };
		D36CD3F51081A243007000A4 /* SDL.h */ = {isa = PBXFileReference; fileEncoding = 4; lastKnownFileType = sourcecode.c.h; path = SDL.h; sourceTree = "<group>"; };
		D36CD3F81081A27D007000A4 /* begin_code.h */ = {isa = PBXFileReference; fileEncoding = 4; lastKnownFileType = sourcecode.c.h; path = begin_code.h; sourceTree = "<group>"; };
		D36CD3FA1081A2AA007000A4 /* close_code.h */ = {isa = PBXFileReference; fileEncoding = 4; lastKnownFileType = sourcecode.c.h; path = close_code.h; sourceTree = "<group>"; };
		D3B662881083D15900A1D5FF /* Driver.app */ = {isa = PBXFileReference; explicitFileType = wrapper.application; includeInIndex = 0; path = Driver.app; sourceTree = BUILT_PRODUCTS_DIR; };
		D3B6628A1083D15A00A1D5FF /* Driver-Info.plist */ = {isa = PBXFileReference; lastKnownFileType = text.plist.xml; path = "Driver-Info.plist"; sourceTree = "<group>"; };
		D3B662931083D18400A1D5FF /* main.cpp */ = {isa = PBXFileReference; fileEncoding = 4; lastKnownFileType = sourcecode.cpp.cpp; path = main.cpp; sourceTree = "<group>"; };
		D3B662941083D18400A1D5FF /* SDLMain.h */ = {isa = PBXFileReference; fileEncoding = 4; lastKnownFileType = sourcecode.c.h; path = SDLMain.h; sourceTree = "<group>"; };
		D3B662951083D18400A1D5FF /* SDLMain.m */ = {isa = PBXFileReference; fileEncoding = 4; lastKnownFileType = sourcecode.c.objc; path = SDLMain.m; sourceTree = "<group>"; };
		D3B662D61083D27B00A1D5FF /* InfoPlist.strings */ = {isa = PBXFileReference; fileEncoding = 4; lastKnownFileType = text.plist.strings; path = InfoPlist.strings; sourceTree = "<group>"; };
		D3B662D71083D27B00A1D5FF /* ArtemisIcon.icns */ = {isa = PBXFileReference; lastKnownFileType = image.icns; path = ArtemisIcon.icns; sourceTree = "<group>"; };
		D3B662F31083D29D00A1D5FF /* Cocoa.framework */ = {isa = PBXFileReference; lastKnownFileType = wrapper.framework; name = Cocoa.framework; path = System/Library/Frameworks/Cocoa.framework; sourceTree = SDKROOT; };
/* End PBXFileReference section */

/* Begin PBXFrameworksBuildPhase section */
		D36CD3B7108194B1007000A4 /* Frameworks */ = {
			isa = PBXFrameworksBuildPhase;
			buildActionMask = 2147483647;
			files = (
				D36CD3C8108195EB007000A4 /* SDL.framework in Frameworks */,
				D36CD3C9108195EB007000A4 /* SDL_ttf.framework in Frameworks */,
				D36CD3CA108195EB007000A4 /* OpenGL.framework in Frameworks */,
				D36CD3CB108195EB007000A4 /* SDL_image.framework in Frameworks */,
			);
			runOnlyForDeploymentPostprocessing = 0;
		};
		D3B662861083D15900A1D5FF /* Frameworks */ = {
			isa = PBXFrameworksBuildPhase;
			buildActionMask = 2147483647;
			files = (
				D3B662EF1083D28A00A1D5FF /* SDL.framework in Frameworks */,
				D3B662F01083D28A00A1D5FF /* SDL_ttf.framework in Frameworks */,
				D3B662F11083D28A00A1D5FF /* OpenGL.framework in Frameworks */,
				D3B662F21083D28A00A1D5FF /* SDL_image.framework in Frameworks */,
				D3B6628E1083D16D00A1D5FF /* libArtemis.a in Frameworks */,
				D3B662F41083D29D00A1D5FF /* Cocoa.framework in Frameworks */,
			);
			runOnlyForDeploymentPostprocessing = 0;
		};
/* End PBXFrameworksBuildPhase section */

/* Begin PBXGroup section */
		034768DDFF38A45A11DB9C8B /* Products */ = {
			isa = PBXGroup;
			children = (
				D36CD3B9108194B1007000A4 /* libArtemis.a */,
				D3B662881083D15900A1D5FF /* Driver.app */,
			);
			name = Products;
			sourceTree = "<group>";
		};
		0867D691FE84028FC02AAC07 /* Artemis */ = {
			isa = PBXGroup;
			children = (
				D36CD3FA1081A2AA007000A4 /* close_code.h */,
				D36CD3F81081A27D007000A4 /* begin_code.h */,
				D36CD3F51081A243007000A4 /* SDL.h */,
				D36CD3E510819D73007000A4 /* External Header */,
				08FB77ACFE841707C02AAC07 /* Source */,
				089C1665FE841158C02AAC07 /* Resources */,
				0867D69AFE84028FC02AAC07 /* External Frameworks */,
				034768DDFF38A45A11DB9C8B /* Products */,
				D3B6628A1083D15A00A1D5FF /* Driver-Info.plist */,
				D3B662F31083D29D00A1D5FF /* Cocoa.framework */,
			);
			name = Artemis;
			sourceTree = "<group>";
		};
		0867D69AFE84028FC02AAC07 /* External Frameworks */ = {
			isa = PBXGroup;
			children = (
				D36CD29210817B9D007000A4 /* SDL.framework */,
				D36CD29310817B9D007000A4 /* SDL_ttf.framework */,
				D36CD28C10817B76007000A4 /* OpenGL.framework */,
				D36CD28D10817B76007000A4 /* SDL_image.framework */,
			);
			name = "External Frameworks";
			sourceTree = "<group>";
		};
		089C1665FE841158C02AAC07 /* Resources */ = {
			isa = PBXGroup;
			children = (
				8D07F2C70486CC7A007CD1D0 /* Info.plist */,
				089C1666FE841158C02AAC07 /* InfoPlist.strings */,
			);
			name = Resources;
			sourceTree = "<group>";
		};
		08FB77ACFE841707C02AAC07 /* Source */ = {
			isa = PBXGroup;
			children = (
				D3B6627E1083D13E00A1D5FF /* Driver */,
				D36CD29710817C93007000A4 /* Utility */,
				D36CD26B1081793E007000A4 /* Implementation */,
				D36CD26A108178F0007000A4 /* Base */,
				D36CD269108178E4007000A4 /* Data Structures */,
				D36CD25E108177D8007000A4 /* Math */,
				32BAE0B70371A74B00C91783 /* Artemis_Prefix.pch */,
			);
			name = Source;
			sourceTree = "<group>";
		};
		D36CD25E108177D8007000A4 /* Math */ = {
			isa = PBXGroup;
			children = (
				D36CD24B108177D3007000A4 /* numericMath.cpp */,
				D36CD24C108177D3007000A4 /* numericMath.h */,
				D36CD241108177D3007000A4 /* kMat.cpp */,
				D36CD242108177D3007000A4 /* kMat.h */,
				D36CD243108177D3007000A4 /* kQuat.cpp */,
				D36CD244108177D3007000A4 /* kQuat.h */,
				D36CD245108177D3007000A4 /* kTrans.cpp */,
				D36CD246108177D3007000A4 /* kTrans.h */,
				D36CD247108177D3007000A4 /* kVec.cpp */,
				D36CD248108177D3007000A4 /* kVec.h */,
				D36CD22D108176E7007000A4 /* Math.pch */,
			);
			name = Math;
			sourceTree = "<group>";
		};
		D36CD269108178E4007000A4 /* Data Structures */ = {
			isa = PBXGroup;
			children = (
				D36CD249108177D3007000A4 /* nTree.cpp */,
				D36CD24A108177D3007000A4 /* nTree.h */,
				D36CD24D108177D3007000A4 /* smartList.cpp */,
				D36CD24E108177D3007000A4 /* smartList.h */,
				D36CD29C10817D12007000A4 /* DataStructures.h */,
			);
			name = "Data Structures";
			sourceTree = "<group>";
		};
		D36CD26A108178F0007000A4 /* Base */ = {
			isa = PBXGroup;
			children = (
				D36CD1F210817598007000A4 /* aCamera.cpp */,
				D36CD1F310817598007000A4 /* aCamera.h */,
				D36CD20410817598007000A4 /* aModel.cpp */,
				D36CD20510817598007000A4 /* aModel.h */,
				D36CD20010817598007000A4 /* aLight.cpp */,
				D36CD20110817598007000A4 /* aLight.h */,
				D36CD230108176E7007000A4 /* aTypewriter.cpp */,
				D36CD231108176E7007000A4 /* aTypewriter.h */,
				D36CD22E108176E7007000A4 /* aStopwatch.cpp */,
				D36CD22F108176E7007000A4 /* aStopwatch.h */,
				D36CD1FA10817598007000A4 /* aEvent.cpp */,
				D36CD1FB10817598007000A4 /* aEvent.h */,
				D36CD1FE10817598007000A4 /* aKeyboard.cpp */,
				D36CD1FF10817598007000A4 /* aKeyboard.h */,
				D36CD20810817598007000A4 /* aOutput.cpp */,
				D36CD20910817598007000A4 /* aOutput.h */,
				D36CD1FC10817598007000A4 /* aGraphics.cpp */,
				D36CD1FD10817598007000A4 /* aGraphics.h */,
				D36CD20210817598007000A4 /* aMesh.cpp */,
				D36CD20310817598007000A4 /* aMesh.h */,
				D36CD20610817598007000A4 /* aObject.cpp */,
				D36CD20710817598007000A4 /* aObject.h */,
				D36CD20A10817598007000A4 /* aPanel.cpp */,
				D36CD20B10817598007000A4 /* aPanel.h */,
				D36CD1F010817598007000A4 /* aApp.cpp */,
				D36CD1F110817598007000A4 /* aApp.h */,
			);
			name = Base;
			sourceTree = "<group>";
		};
		D36CD26B1081793E007000A4 /* Implementation */ = {
			isa = PBXGroup;
			children = (
				D36CD232108176E7007000A4 /* aWindow.cpp */,
				D36CD233108176E7007000A4 /* aWindow.h */,
				D36CD1F410817598007000A4 /* aConsole.cpp */,
				D36CD1F510817598007000A4 /* aConsole.h */,
				D36CD1F610817598007000A4 /* aControl.cpp */,
				D36CD1F710817598007000A4 /* aControl.h */,
				D36CD1F810817598007000A4 /* aCube.cpp */,
				D36CD1F910817598007000A4 /* aCube.h */,
			);
			name = Implementation;
			sourceTree = "<group>";
		};
		D36CD29710817C93007000A4 /* Utility */ = {
			isa = PBXGroup;
			children = (
				D36CD29810817CA6007000A4 /* Conversion.cpp */,
				D36CD240108177D3007000A4 /* Conversion.h */,
				D36CD29A10817CFE007000A4 /* Utility.h */,
			);
			name = Utility;
			sourceTree = "<group>";
		};
		D36CD3E510819D73007000A4 /* External Header */ = {
			isa = PBXGroup;
			children = (
				D36CD3E610819D80007000A4 /* libArtemis.h */,
			);
			name = "External Header";
			sourceTree = "<group>";
		};
		D3B6627E1083D13E00A1D5FF /* Driver */ = {
			isa = PBXGroup;
			children = (
				D3B662D61083D27B00A1D5FF /* InfoPlist.strings */,
				D3B662D71083D27B00A1D5FF /* ArtemisIcon.icns */,
				D3B662931083D18400A1D5FF /* main.cpp */,
				D3B662941083D18400A1D5FF /* SDLMain.h */,
				D3B662951083D18400A1D5FF /* SDLMain.m */,
			);
			name = Driver;
			sourceTree = "<group>";
		};
/* End PBXGroup section */

/* Begin PBXHeadersBuildPhase section */
		D36CD3B5108194B1007000A4 /* Headers */ = {
			isa = PBXHeadersBuildPhase;
			buildActionMask = 2147483647;
			files = (
				D36CD3C0108194CE007000A4 /* Math.pch in Headers */,
				D36CD3CC10819628007000A4 /* Utility.h in Headers */,
				D36CD3CF10819641007000A4 /* DataStructures.h in Headers */,
			);
			runOnlyForDeploymentPostprocessing = 0;
		};
/* End PBXHeadersBuildPhase section */

/* Begin PBXNativeTarget section */
		D36CD3B8108194B1007000A4 /* Artemis */ = {
			isa = PBXNativeTarget;
			buildConfigurationList = D36CD3C5108194E7007000A4 /* Build configuration list for PBXNativeTarget "Artemis" */;
			buildPhases = (
				D36CD3B5108194B1007000A4 /* Headers */,
				D36CD3B6108194B1007000A4 /* Sources */,
				D36CD3B7108194B1007000A4 /* Frameworks */,
			);
			buildRules = (
			);
			dependencies = (
			);
			name = Artemis;
			productName = Artemis;
			productReference = D36CD3B9108194B1007000A4 /* libArtemis.a */;
			productType = "com.apple.product-type.library.static";
		};
		D3B662871083D15900A1D5FF /* Driver */ = {
			isa = PBXNativeTarget;
			buildConfigurationList = D3B6628D1083D15B00A1D5FF /* Build configuration list for PBXNativeTarget "Driver" */;
			buildPhases = (
				D3B662841083D15900A1D5FF /* Resources */,
				D3B662851083D15900A1D5FF /* Sources */,
				D3B662861083D15900A1D5FF /* Frameworks */,
			);
			buildRules = (
			);
			dependencies = (
			);
			name = Driver;
			productName = Driver;
			productReference = D3B662881083D15900A1D5FF /* Driver.app */;
			productType = "com.apple.product-type.application";
		};
/* End PBXNativeTarget section */

/* Begin PBXProject section */
		0867D690FE84028FC02AAC07 /* Project object */ = {
			isa = PBXProject;
			buildConfigurationList = 4FADC24608B4156D00ABE55E /* Build configuration list for PBXProject "ArtemisLib" */;
			compatibilityVersion = "Xcode 3.1";
			hasScannedForEncodings = 1;
			mainGroup = 0867D691FE84028FC02AAC07 /* Artemis */;
			productRefGroup = 034768DDFF38A45A11DB9C8B /* Products */;
			projectDirPath = "";
			projectRoot = "";
			targets = (
				D36CD3B8108194B1007000A4 /* Artemis */,
				D3B662871083D15900A1D5FF /* Driver */,
			);
		};
/* End PBXProject section */

/* Begin PBXResourcesBuildPhase section */
		D3B662841083D15900A1D5FF /* Resources */ = {
			isa = PBXResourcesBuildPhase;
			buildActionMask = 2147483647;
			files = (
				D3B662D81083D27B00A1D5FF /* InfoPlist.strings in Resources */,
				D3B662D91083D27B00A1D5FF /* ArtemisIcon.icns in Resources */,
			);
			runOnlyForDeploymentPostprocessing = 0;
		};
/* End PBXResourcesBuildPhase section */

/* Begin PBXSourcesBuildPhase section */
		D36CD3B6108194B1007000A4 /* Sources */ = {
			isa = PBXSourcesBuildPhase;
			buildActionMask = 2147483647;
			files = (
				D36CD3BC108194C4007000A4 /* kMat.cpp in Sources */,
				D36CD3BD108194C5007000A4 /* kQuat.cpp in Sources */,
				D36CD3BE108194C6007000A4 /* kTrans.cpp in Sources */,
				D36CD3BF108194C7007000A4 /* kVec.cpp in Sources */,
				D36CD3C1108194D0007000A4 /* numericMath.cpp in Sources */,
				D36CD3CD1081962E007000A4 /* Conversion.cpp in Sources */,
				D36CD3D010819642007000A4 /* nTree.cpp in Sources */,
				D36CD3D110819643007000A4 /* smartList.cpp in Sources */,
				D36CD3E81081A053007000A4 /* aApp.cpp in Sources */,
				D36CD3E91081A058007000A4 /* aCamera.cpp in Sources */,
				D36CD3EA1081A060007000A4 /* aEvent.cpp in Sources */,
				D36CD3EB1081A062007000A4 /* aGraphics.cpp in Sources */,
				D36CD3EC1081A064007000A4 /* aKeyboard.cpp in Sources */,
				D36CD3ED1081A066007000A4 /* aLight.cpp in Sources */,
				D36CD3EE1081A066007000A4 /* aMesh.cpp in Sources */,
				D36CD3EF1081A06A007000A4 /* aModel.cpp in Sources */,
				D36CD3F01081A06D007000A4 /* aObject.cpp in Sources */,
				D36CD3F11081A06E007000A4 /* aOutput.cpp in Sources */,
				D36CD3F21081A070007000A4 /* aPanel.cpp in Sources */,
				D36CD4221081A6FC007000A4 /* aTypewriter.cpp in Sources */,
				D36CD4231081A6FD007000A4 /* aStopwatch.cpp in Sources */,
				D3B662F91083D2B800A1D5FF /* aConsole.cpp in Sources */,
				D3B662FA1083D2B800A1D5FF /* aControl.cpp in Sources */,
				D3B662FB1083D2CB00A1D5FF /* aCube.cpp in Sources */,
				D3B662FD1083D2D200A1D5FF /* aWindow.cpp in Sources */,
			);
			runOnlyForDeploymentPostprocessing = 0;
		};
		D3B662851083D15900A1D5FF /* Sources */ = {
			isa = PBXSourcesBuildPhase;
			buildActionMask = 2147483647;
			files = (
				D3B662961083D18400A1D5FF /* main.cpp in Sources */,
				D3B662971083D18400A1D5FF /* SDLMain.m in Sources */,
			);
			runOnlyForDeploymentPostprocessing = 0;
		};
/* End PBXSourcesBuildPhase section */

/* Begin PBXVariantGroup section */
		089C1666FE841158C02AAC07 /* InfoPlist.strings */ = {
			isa = PBXVariantGroup;
			children = (
				089C1667FE841158C02AAC07 /* English */,
			);
			name = InfoPlist.strings;
			sourceTree = "<group>";
		};
/* End PBXVariantGroup section */

/* Begin XCBuildConfiguration section */
		4FADC24708B4156D00ABE55E /* Debug */ = {
			isa = XCBuildConfiguration;
			buildSettings = {
				ARCHS = "$(ARCHS_STANDARD_32_BIT)";
				GCC_C_LANGUAGE_STANDARD = c99;
				GCC_WARN_ABOUT_RETURN_TYPE = YES;
				GCC_WARN_UNUSED_VARIABLE = YES;
				ONLY_ACTIVE_ARCH = YES;
				PREBINDING = NO;
				SDKROOT = macosx10.5;
			};
			name = Debug;
		};
		4FADC24808B4156D00ABE55E /* Release */ = {
			isa = XCBuildConfiguration;
			buildSettings = {
				ARCHS = "$(ARCHS_STANDARD_32_BIT)";
				GCC_C_LANGUAGE_STANDARD = c99;
				GCC_WARN_ABOUT_RETURN_TYPE = YES;
				GCC_WARN_UNUSED_VARIABLE = YES;
				PREBINDING = NO;
				SDKROOT = macosx10.5;
			};
			name = Release;
		};
		D36CD3BA108194B2007000A4 /* Debug */ = {
			isa = XCBuildConfiguration;
			buildSettings = {
				ALWAYS_SEARCH_USER_PATHS = NO;
				COPY_PHASE_STRIP = NO;
				FRAMEWORK_SEARCH_PATHS = (
					"$(HOME)/Library/Frameworks",
					/Library/Frameworks,
					"$(FRAMEWORK_SEARCH_PATHS)",
				);
				GCC_DYNAMIC_NO_PIC = NO;
				GCC_ENABLE_FIX_AND_CONTINUE = YES;
				GCC_MODEL_TUNING = G5;
				GCC_OPTIMIZATION_LEVEL = 0;
				HEADER_SEARCH_PATHS = (
					"$(HOME)Library/Frameworks/SDL.framework/Headers",
					/Library/Frameworks/SDL.framework/Headers,
					"$(HEADER_SEARCH_PATHS)",
				);
				INSTALL_PATH = /usr/local/lib;
				LIBRARY_SEARCH_PATHS = (
					"$(inherited)",
					"\"$(SRCROOT)\"",
				);
				PREBINDING = NO;
				PRODUCT_NAME = Artemis;
			};
			name = Debug;
		};
		D36CD3BB108194B2007000A4 /* Release */ = {
			isa = XCBuildConfiguration;
			buildSettings = {
				ALWAYS_SEARCH_USER_PATHS = NO;
				COPY_PHASE_STRIP = YES;
				DEBUG_INFORMATION_FORMAT = "dwarf-with-dsym";
				FRAMEWORK_SEARCH_PATHS = (
					"$(HOME)/Library/Frameworks",
					/Library/Frameworks,
					"$(FRAMEWORK_SEARCH_PATHS)",
				);
				GCC_ENABLE_FIX_AND_CONTINUE = NO;
				GCC_MODEL_TUNING = G5;
				HEADER_SEARCH_PATHS = (
					"$(HOME)Library/Frameworks/SDL.framework/Headers",
					/Library/Frameworks/SDL.framework/Headers,
					"$(HEADER_SEARCH_PATHS)",
				);
				INSTALL_PATH = /usr/local/lib;
				LIBRARY_SEARCH_PATHS = (
					"$(inherited)",
					"\"$(SRCROOT)\"",
				);
				PREBINDING = NO;
				PRODUCT_NAME = Artemis;
				ZERO_LINK = NO;
			};
			name = Release;
		};
		D3B6628B1083D15B00A1D5FF /* Debug */ = {
			isa = XCBuildConfiguration;
			buildSettings = {
				ALWAYS_SEARCH_USER_PATHS = NO;
				COPY_PHASE_STRIP = NO;
				FRAMEWORK_SEARCH_PATHS = (
					"$(HOME)/Library/Frameworks",
					/Library/Frameworks,
					"$(FRAMEWORK_SEARCH_PATHS)",
				);
				GCC_DYNAMIC_NO_PIC = NO;
				GCC_ENABLE_FIX_AND_CONTINUE = YES;
				GCC_MODEL_TUNING = G5;
				GCC_OPTIMIZATION_LEVEL = 0;
				GCC_PRECOMPILE_PREFIX_HEADER = YES;
				GCC_PREFIX_HEADER = "";
				HEADER_SEARCH_PATHS = (
					"$(HOME)/Library/Frameworks/SDL.framework/Headers",
					/Library/Frameworks/SDL.framework/Headers,
					"$(HEADER_SEARCH_PATHS)",
				);
				INFOPLIST_FILE = "Driver-Info.plist";
				INSTALL_PATH = "$(HOME)/Applications";
				LIBRARY_SEARCH_PATHS = (
					"$(inherited)",
					"\"$(SRCROOT)\"",
				);
				OTHER_LDFLAGS = (
					"-framework",
					Foundation,
					"-framework",
					AppKit,
				);
				PREBINDING = NO;
				PRODUCT_NAME = Driver;
			};
			name = Debug;
		};
		D3B6628C1083D15B00A1D5FF /* Release */ = {
			isa = XCBuildConfiguration;
			buildSettings = {
				ALWAYS_SEARCH_USER_PATHS = NO;
				COPY_PHASE_STRIP = YES;
				DEBUG_INFORMATION_FORMAT = "dwarf-with-dsym";
				FRAMEWORK_SEARCH_PATHS = (
					"$(HOME)/Library/Frameworks",
					/Library/Frameworks,
					"$(FRAMEWORK_SEARCH_PATHS)",
				);
				GCC_ENABLE_FIX_AND_CONTINUE = NO;
				GCC_MODEL_TUNING = G5;
				GCC_PRECOMPILE_PREFIX_HEADER = YES;
				GCC_PREFIX_HEADER = "";
				HEADER_SEARCH_PATHS = (
					"$(HOME)/Library/Frameworks/SDL.framework/Headers",
					/Library/Frameworks/SDL.framework/Headers,
					"$(HEADER_SEARCH_PATHS)",
				);
				INFOPLIST_FILE = "Driver-Info.plist";
				INSTALL_PATH = "$(HOME)/Applications";
				LIBRARY_SEARCH_PATHS = (
					"$(inherited)",
					"\"$(SRCROOT)\"",
				);
				OTHER_LDFLAGS = (
					"-framework",
					Foundation,
					"-framework",
					AppKit,
				);
				PREBINDING = NO;
				PRODUCT_NAME = Driver;
				ZERO_LINK = NO;
			};
			name = Release;
		};
/* End XCBuildConfiguration section */

/* Begin XCConfigurationList section */
		4FADC24608B4156D00ABE55E /* Build configuration list for PBXProject "ArtemisLib" */ = {
			isa = XCConfigurationList;
			buildConfigurations = (
				4FADC24708B4156D00ABE55E /* Debug */,
				4FADC24808B4156D00ABE55E /* Release */,
			);
			defaultConfigurationIsVisible = 0;
			defaultConfigurationName = Release;
		};
		D36CD3C5108194E7007000A4 /* Build configuration list for PBXNativeTarget "Artemis" */ = {
			isa = XCConfigurationList;
			buildConfigurations = (
				D36CD3BA108194B2007000A4 /* Debug */,
				D36CD3BB108194B2007000A4 /* Release */,
			);
			defaultConfigurationIsVisible = 0;
			defaultConfigurationName = Release;
		};
		D3B6628D1083D15B00A1D5FF /* Build configuration list for PBXNativeTarget "Driver" */ = {
			isa = XCConfigurationList;
			buildConfigurations = (
				D3B6628B1083D15B00A1D5FF /* Debug */,
				D3B6628C1083D15B00A1D5FF /* Release */,
			);
			defaultConfigurationIsVisible = 0;
			defaultConfigurationName = Release;
		};
/* End XCConfigurationList section */
	};
	rootObject = 0867D690FE84028FC02AAC07 /* Project object */;
}
